// !$*UTF8*$!
{
	archiveVersion = 1;
	classes = {
	};
	objectVersion = 46;
	objects = {

/* Begin PBXBuildFile section */
		F8021FA319D28E9600952BB3 /* AppDelegate.swift in Sources */ = {isa = PBXBuildFile; fileRef = F8021FA219D28E9600952BB3 /* AppDelegate.swift */; };
		F8021FA519D28E9600952BB3 /* FirstViewController.swift in Sources */ = {isa = PBXBuildFile; fileRef = F8021FA419D28E9600952BB3 /* FirstViewController.swift */; };
		F8021FA719D28E9600952BB3 /* SecondViewController.swift in Sources */ = {isa = PBXBuildFile; fileRef = F8021FA619D28E9600952BB3 /* SecondViewController.swift */; };
		F8021FAA19D28E9600952BB3 /* Main.storyboard in Resources */ = {isa = PBXBuildFile; fileRef = F8021FA819D28E9600952BB3 /* Main.storyboard */; };
		F8021FAC19D28E9600952BB3 /* Images.xcassets in Resources */ = {isa = PBXBuildFile; fileRef = F8021FAB19D28E9600952BB3 /* Images.xcassets */; };
		F8021FAF19D28E9600952BB3 /* LaunchScreen.xib in Resources */ = {isa = PBXBuildFile; fileRef = F8021FAD19D28E9600952BB3 /* LaunchScreen.xib */; };
		F8021FBB19D28E9600952BB3 /* To_Do_ListTests.swift in Sources */ = {isa = PBXBuildFile; fileRef = F8021FBA19D28E9600952BB3 /* To_Do_ListTests.swift */; };
/* End PBXBuildFile section */

/* Begin PBXContainerItemProxy section */
		F8021FB519D28E9600952BB3 /* PBXContainerItemProxy */ = {
			isa = PBXContainerItemProxy;
			containerPortal = F8021F9519D28E9600952BB3 /* Project object */;
			proxyType = 1;
			remoteGlobalIDString = F8021F9C19D28E9600952BB3;
			remoteInfo = "To Do List";
		};
/* End PBXContainerItemProxy section */

/* Begin PBXFileReference section */
		F8021F9D19D28E9600952BB3 /* To Do List.app */ = {isa = PBXFileReference; explicitFileType = wrapper.application; includeInIndex = 0; path = "To Do List.app"; sourceTree = BUILT_PRODUCTS_DIR; };
		F8021FA119D28E9600952BB3 /* Info.plist */ = {isa = PBXFileReference; lastKnownFileType = text.plist.xml; path = Info.plist; sourceTree = "<group>"; };
		F8021FA219D28E9600952BB3 /* AppDelegate.swift */ = {isa = PBXFileReference; lastKnownFileType = sourcecode.swift; path = AppDelegate.swift; sourceTree = "<group>"; };
		F8021FA419D28E9600952BB3 /* FirstViewController.swift */ = {isa = PBXFileReference; lastKnownFileType = sourcecode.swift; path = FirstViewController.swift; sourceTree = "<group>"; };
		F8021FA619D28E9600952BB3 /* SecondViewController.swift */ = {isa = PBXFileReference; lastKnownFileType = sourcecode.swift; path = SecondViewController.swift; sourceTree = "<group>"; };
		F8021FA919D28E9600952BB3 /* Base */ = {isa = PBXFileReference; lastKnownFileType = file.storyboard; name = Base; path = Base.lproj/Main.storyboard; sourceTree = "<group>"; };
		F8021FAB19D28E9600952BB3 /* Images.xcassets */ = {isa = PBXFileReference; lastKnownFileType = folder.assetcatalog; path = Images.xcassets; sourceTree = "<group>"; };
		F8021FAE19D28E9600952BB3 /* Base */ = {isa = PBXFileReference; lastKnownFileType = file.xib; name = Base; path = Base.lproj/LaunchScreen.xib; sourceTree = "<group>"; };
		F8021FB419D28E9600952BB3 /* To Do ListTests.xctest */ = {isa = PBXFileReference; explicitFileType = wrapper.cfbundle; includeInIndex = 0; path = "To Do ListTests.xctest"; sourceTree = BUILT_PRODUCTS_DIR; };
		F8021FB919D28E9600952BB3 /* Info.plist */ = {isa = PBXFileReference; lastKnownFileType = text.plist.xml; path = Info.plist; sourceTree = "<group>"; };
		F8021FBA19D28E9600952BB3 /* To_Do_ListTests.swift */ = {isa = PBXFileReference; lastKnownFileType = sourcecode.swift; path = To_Do_ListTests.swift; sourceTree = "<group>"; };
/* End PBXFileReference section */

/* Begin PBXFrameworksBuildPhase section */
		F8021F9A19D28E9600952BB3 /* Frameworks */ = {
			isa = PBXFrameworksBuildPhase;
			buildActionMask = 2147483647;
			files = (
			);
			runOnlyForDeploymentPostprocessing = 0;
		};
		F8021FB119D28E9600952BB3 /* Frameworks */ = {
			isa = PBXFrameworksBuildPhase;
			buildActionMask = 2147483647;
			files = (
			);
			runOnlyForDeploymentPostprocessing = 0;
		};
/* End PBXFrameworksBuildPhase section */

/* Begin PBXGroup section */
		F8021F9419D28E9600952BB3 = {
			isa = PBXGroup;
			children = (
				F8021F9F19D28E9600952BB3 /* To Do List */,
				F8021FB719D28E9600952BB3 /* To Do ListTests */,
				F8021F9E19D28E9600952BB3 /* Products */,
			);
			sourceTree = "<group>";
		};
		F8021F9E19D28E9600952BB3 /* Products */ = {
			isa = PBXGroup;
			children = (
				F8021F9D19D28E9600952BB3 /* To Do List.app */,
				F8021FB419D28E9600952BB3 /* To Do ListTests.xctest */,
			);
			name = Products;
			sourceTree = "<group>";
		};
		F8021F9F19D28E9600952BB3 /* To Do List */ = {
			isa = PBXGroup;
			children = (
				F8021FA219D28E9600952BB3 /* AppDelegate.swift */,
				F8021FA419D28E9600952BB3 /* FirstViewController.swift */,
				F8021FA619D28E9600952BB3 /* SecondViewController.swift */,
				F8021FA819D28E9600952BB3 /* Main.storyboard */,
				F8021FAB19D28E9600952BB3 /* Images.xcassets */,
				F8021FAD19D28E9600952BB3 /* LaunchScreen.xib */,
				F8021FA019D28E9600952BB3 /* Supporting Files */,
			);
			path = "To Do List";
			sourceTree = "<group>";
		};
		F8021FA019D28E9600952BB3 /* Supporting Files */ = {
			isa = PBXGroup;
			children = (
				F8021FA119D28E9600952BB3 /* Info.plist */,
			);
			name = "Supporting Files";
			sourceTree = "<group>";
		};
		F8021FB719D28E9600952BB3 /* To Do ListTests */ = {
			isa = PBXGroup;
			children = (
				F8021FBA19D28E9600952BB3 /* To_Do_ListTests.swift */,
				F8021FB819D28E9600952BB3 /* Supporting Files */,
			);
			path = "To Do ListTests";
			sourceTree = "<group>";
		};
		F8021FB819D28E9600952BB3 /* Supporting Files */ = {
			isa = PBXGroup;
			children = (
				F8021FB919D28E9600952BB3 /* Info.plist */,
			);
			name = "Supporting Files";
			sourceTree = "<group>";
		};
/* End PBXGroup section */

/* Begin PBXNativeTarget section */
		F8021F9C19D28E9600952BB3 /* To Do List */ = {
			isa = PBXNativeTarget;
			buildConfigurationList = F8021FBE19D28E9600952BB3 /* Build configuration list for PBXNativeTarget "To Do List" */;
			buildPhases = (
				F8021F9919D28E9600952BB3 /* Sources */,
				F8021F9A19D28E9600952BB3 /* Frameworks */,
				F8021F9B19D28E9600952BB3 /* Resources */,
			);
			buildRules = (
			);
			dependencies = (
			);
			name = "To Do List";
			productName = "To Do List";
			productReference = F8021F9D19D28E9600952BB3 /* To Do List.app */;
			productType = "com.apple.product-type.application";
		};
		F8021FB319D28E9600952BB3 /* To Do ListTests */ = {
			isa = PBXNativeTarget;
			buildConfigurationList = F8021FC119D28E9600952BB3 /* Build configuration list for PBXNativeTarget "To Do ListTests" */;
			buildPhases = (
				F8021FB019D28E9600952BB3 /* Sources */,
				F8021FB119D28E9600952BB3 /* Frameworks */,
				F8021FB219D28E9600952BB3 /* Resources */,
			);
			buildRules = (
			);
			dependencies = (
				F8021FB619D28E9600952BB3 /* PBXTargetDependency */,
			);
			name = "To Do ListTests";
			productName = "To Do ListTests";
			productReference = F8021FB419D28E9600952BB3 /* To Do ListTests.xctest */;
			productType = "com.apple.product-type.bundle.unit-test";
		};
/* End PBXNativeTarget section */

/* Begin PBXProject section */
		F8021F9519D28E9600952BB3 /* Project object */ = {
			isa = PBXProject;
			attributes = {
				LastUpgradeCheck = 0600;
				ORGANIZATIONNAME = FiveWest;
				TargetAttributes = {
					F8021F9C19D28E9600952BB3 = {
						CreatedOnToolsVersion = 6.0;
					};
					F8021FB319D28E9600952BB3 = {
						CreatedOnToolsVersion = 6.0;
						TestTargetID = F8021F9C19D28E9600952BB3;
					};
				};
			};
			buildConfigurationList = F8021F9819D28E9600952BB3 /* Build configuration list for PBXProject "To Do List" */;
			compatibilityVersion = "Xcode 3.2";
			developmentRegion = English;
			hasScannedForEncodings = 0;
			knownRegions = (
				en,
				Base,
			);
			mainGroup = F8021F9419D28E9600952BB3;
			productRefGroup = F8021F9E19D28E9600952BB3 /* Products */;
			projectDirPath = "";
			projectRoot = "";
			targets = (
				F8021F9C19D28E9600952BB3 /* To Do List */,
				F8021FB319D28E9600952BB3 /* To Do ListTests */,
			);
		};
/* End PBXProject section */

/* Begin PBXResourcesBuildPhase section */
		F8021F9B19D28E9600952BB3 /* Resources */ = {
			isa = PBXResourcesBuildPhase;
			buildActionMask = 2147483647;
			files = (
				F8021FAA19D28E9600952BB3 /* Main.storyboard in Resources */,
				F8021FAF19D28E9600952BB3 /* LaunchScreen.xib in Resources */,
				F8021FAC19D28E9600952BB3 /* Images.xcassets in Resources */,
			);
			runOnlyForDeploymentPostprocessing = 0;
		};
		F8021FB219D28E9600952BB3 /* Resources */ = {
			isa = PBXResourcesBuildPhase;
			buildActionMask = 2147483647;
			files = (
			);
			runOnlyForDeploymentPostprocessing = 0;
		};
/* End PBXResourcesBuildPhase section */

/* Begin PBXSourcesBuildPhase section */
		F8021F9919D28E9600952BB3 /* Sources */ = {
			isa = PBXSourcesBuildPhase;
			buildActionMask = 2147483647;
			files = (
				F8021FA719D28E9600952BB3 /* SecondViewController.swift in Sources */,
				F8021FA319D28E9600952BB3 /* AppDelegate.swift in Sources */,
				F8021FA519D28E9600952BB3 /* FirstViewController.swift in Sources */,
			);
			runOnlyForDeploymentPostprocessing = 0;
		};
		F8021FB019D28E9600952BB3 /* Sources */ = {
			isa = PBXSourcesBuildPhase;
			buildActionMask = 2147483647;
			files = (
				F8021FBB19D28E9600952BB3 /* To_Do_ListTests.swift in Sources */,
			);
			runOnlyForDeploymentPostprocessing = 0;
		};
/* End PBXSourcesBuildPhase section */

/* Begin PBXTargetDependency section */
		F8021FB619D28E9600952BB3 /* PBXTargetDependency */ = {
			isa = PBXTargetDependency;
			target = F8021F9C19D28E9600952BB3 /* To Do List */;
			targetProxy = F8021FB519D28E9600952BB3 /* PBXContainerItemProxy */;
		};
/* End PBXTargetDependency section */

/* Begin PBXVariantGroup section */
		F8021FA819D28E9600952BB3 /* Main.storyboard */ = {
			isa = PBXVariantGroup;
			children = (
				F8021FA919D28E9600952BB3 /* Base */,
			);
			name = Main.storyboard;
			sourceTree = "<group>";
		};
		F8021FAD19D28E9600952BB3 /* LaunchScreen.xib */ = {
			isa = PBXVariantGroup;
			children = (
				F8021FAE19D28E9600952BB3 /* Base */,
			);
			name = LaunchScreen.xib;
			sourceTree = "<group>";
		};
/* End PBXVariantGroup section */

/* Begin XCBuildConfiguration section */
		F8021FBC19D28E9600952BB3 /* Debug */ = {
			isa = XCBuildConfiguration;
			buildSettings = {
				ALWAYS_SEARCH_USER_PATHS = NO;
				CLANG_CXX_LANGUAGE_STANDARD = "gnu++0x";
				CLANG_CXX_LIBRARY = "libc++";
				CLANG_ENABLE_MODULES = YES;
				CLANG_ENABLE_OBJC_ARC = YES;
				CLANG_WARN_BOOL_CONVERSION = YES;
				CLANG_WARN_CONSTANT_CONVERSION = YES;
				CLANG_WARN_DIRECT_OBJC_ISA_USAGE = YES_ERROR;
				CLANG_WARN_EMPTY_BODY = YES;
				CLANG_WARN_ENUM_CONVERSION = YES;
				CLANG_WARN_INT_CONVERSION = YES;
				CLANG_WARN_OBJC_ROOT_CLASS = YES_ERROR;
				CLANG_WARN_UNREACHABLE_CODE = YES;
				CLANG_WARN__DUPLICATE_METHOD_MATCH = YES;
				"CODE_SIGN_IDENTITY[sdk=iphoneos*]" = "iPhone Developer";
				COPY_PHASE_STRIP = NO;
				ENABLE_STRICT_OBJC_MSGSEND = YES;
				GCC_C_LANGUAGE_STANDARD = gnu99;
				GCC_DYNAMIC_NO_PIC = NO;
				GCC_OPTIMIZATION_LEVEL = 0;
				GCC_PREPROCESSOR_DEFINITIONS = (
					"DEBUG=1",
					"$(inherited)",
				);
				GCC_SYMBOLS_PRIVATE_EXTERN = NO;
				GCC_WARN_64_TO_32_BIT_CONVERSION = YES;
				GCC_WARN_ABOUT_RETURN_TYPE = YES_ERROR;
				GCC_WARN_UNDECLARED_SELECTOR = YES;
				GCC_WARN_UNINITIALIZED_AUTOS = YES_AGGRESSIVE;
				GCC_WARN_UNUSED_FUNCTION = YES;
				GCC_WARN_UNUSED_VARIABLE = YES;
				IPHONEOS_DEPLOYMENT_TARGET = 8.0;
				MTL_ENABLE_DEBUG_INFO = YES;
				ONLY_ACTIVE_ARCH = YES;
				SDKROOT = iphoneos;
				SWIFT_OPTIMIZATION_LEVEL = "-Onone";
			};
			name = Debug;
		};
		F8021FBD19D28E9600952BB3 /* Release */ = {
			isa = XCBuildConfiguration;
			buildSettings = {
				ALWAYS_SEARCH_USER_PATHS = NO;
				CLANG_CXX_LANGUAGE_STANDARD = "gnu++0x";
				CLANG_CXX_LIBRARY = "libc++";
				CLANG_ENABLE_MODULES = YES;
				CLANG_ENABLE_OBJC_ARC = YES;
				CLANG_WARN_BOOL_CONVERSION = YES;
				CLANG_WARN_CONSTANT_CONVERSION = YES;
				CLANG_WARN_DIRECT_OBJC_ISA_USAGE = YES_ERROR;
				CLANG_WARN_EMPTY_BODY = YES;
				CLANG_WARN_ENUM_CONVERSION = YES;
				CLANG_WARN_INT_CONVERSION = YES;
				CLANG_WARN_OBJC_ROOT_CLASS = YES_ERROR;
				CLANG_WARN_UNREACHABLE_CODE = YES;
				CLANG_WARN__DUPLICATE_METHOD_MATCH = YES;
				"CODE_SIGN_IDENTITY[sdk=iphoneos*]" = "iPhone Developer";
				COPY_PHASE_STRIP = YES;
				ENABLE_NS_ASSERTIONS = NO;
				ENABLE_STRICT_OBJC_MSGSEND = YES;
				GCC_C_LANGUAGE_STANDARD = gnu99;
				GCC_WARN_64_TO_32_BIT_CONVERSION = YES;
				GCC_WARN_ABOUT_RETURN_TYPE = YES_ERROR;
				GCC_WARN_UNDECLARED_SELECTOR = YES;
				GCC_WARN_UNINITIALIZED_AUTOS = YES_AGGRESSIVE;
				GCC_WARN_UNUSED_FUNCTION = YES;
				GCC_WARN_UNUSED_VARIABLE = YES;
				IPHONEOS_DEPLOYMENT_TARGET = 8.0;
				MTL_ENABLE_DEBUG_INFO = NO;
				SDKROOT = iphoneos;
				VALIDATE_PRODUCT = YES;
			};
			name = Release;
		};
		F8021FBF19D28E9600952BB3 /* Debug */ = {
			isa = XCBuildConfiguration;
			buildSettings = {
				ASSETCATALOG_COMPILER_APPICON_NAME = AppIcon;
				INFOPLIST_FILE = "To Do List/Info.plist";
				LD_RUNPATH_SEARCH_PATHS = "$(inherited) @executable_path/Frameworks";
				PRODUCT_NAME = "$(TARGET_NAME)";
			};
			name = Debug;
		};
		F8021FC019D28E9600952BB3 /* Release */ = {
			isa = XCBuildConfiguration;
			buildSettings = {
				ASSETCATALOG_COMPILER_APPICON_NAME = AppIcon;
				INFOPLIST_FILE = "To Do List/Info.plist";
				LD_RUNPATH_SEARCH_PATHS = "$(inherited) @executable_path/Frameworks";
				PRODUCT_NAME = "$(TARGET_NAME)";
			};
			name = Release;
		};
		F8021FC219D28E9600952BB3 /* Debug */ = {
			isa = XCBuildConfiguration;
			buildSettings = {
				BUNDLE_LOADER = "$(TEST_HOST)";
				FRAMEWORK_SEARCH_PATHS = (
					"$(SDKROOT)/Developer/Library/Frameworks",
					"$(inherited)",
				);
				GCC_PREPROCESSOR_DEFINITIONS = (
					"DEBUG=1",
					"$(inherited)",
				);
				INFOPLIST_FILE = "To Do ListTests/Info.plist";
				LD_RUNPATH_SEARCH_PATHS = "$(inherited) @executable_path/Frameworks @loader_path/Frameworks";
				PRODUCT_NAME = "$(TARGET_NAME)";
				TEST_HOST = "$(BUILT_PRODUCTS_DIR)/To Do List.app/To Do List";
			};
			name = Debug;
		};
		F8021FC319D28E9600952BB3 /* Release */ = {
			isa = XCBuildConfiguration;
			buildSettings = {
				BUNDLE_LOADER = "$(TEST_HOST)";
				FRAMEWORK_SEARCH_PATHS = (
					"$(SDKROOT)/Developer/Library/Frameworks",
					"$(inherited)",
				);
				INFOPLIST_FILE = "To Do ListTests/Info.plist";
				LD_RUNPATH_SEARCH_PATHS = "$(inherited) @executable_path/Frameworks @loader_path/Frameworks";
				PRODUCT_NAME = "$(TARGET_NAME)";
				TEST_HOST = "$(BUILT_PRODUCTS_DIR)/To Do List.app/To Do List";
			};
			name = Release;
		};
/* End XCBuildConfiguration section */

/* Begin XCConfigurationList section */
		F8021F9819D28E9600952BB3 /* Build configuration list for PBXProject "To Do List" */ = {
			isa = XCConfigurationList;
			buildConfigurations = (
				F8021FBC19D28E9600952BB3 /* Debug */,
				F8021FBD19D28E9600952BB3 /* Release */,
			);
			defaultConfigurationIsVisible = 0;
			defaultConfigurationName = Release;
		};
		F8021FBE19D28E9600952BB3 /* Build configuration list for PBXNativeTarget "To Do List" */ = {
			isa = XCConfigurationList;
			buildConfigurations = (
				F8021FBF19D28E9600952BB3 /* Debug */,
				F8021FC019D28E9600952BB3 /* Release */,
			);
			defaultConfigurationIsVisible = 0;
		};
		F8021FC119D28E9600952BB3 /* Build configuration list for PBXNativeTarget "To Do ListTests" */ = {
			isa = XCConfigurationList;
			buildConfigurations = (
				F8021FC219D28E9600952BB3 /* Debug */,
				F8021FC319D28E9600952BB3 /* Release */,
			);
			defaultConfigurationIsVisible = 0;
		};
/* End XCConfigurationList section */
	};
	rootObject = F8021F9519D28E9600952BB3 /* Project object */;
}
